// !$*UTF8*$!
{
	archiveVersion = 1;
	classes = {
	};
	objectVersion = 56;
	objects = {

/* Begin PBXBuildFile section */
		2639963D2A342BD400E03508 /* TopView.swift in Sources */ = {isa = PBXBuildFile; fileRef = 2639963C2A342BD400E03508 /* TopView.swift */; };
		2639963F2A342C9000E03508 /* SettingView.swift in Sources */ = {isa = PBXBuildFile; fileRef = 2639963E2A342C9000E03508 /* SettingView.swift */; };
		263996412A342CC500E03508 /* PrivacyView.swift in Sources */ = {isa = PBXBuildFile; fileRef = 263996402A342CC500E03508 /* PrivacyView.swift */; };
		263996432A342CF000E03508 /* TermsOfServiceView.swift in Sources */ = {isa = PBXBuildFile; fileRef = 263996422A342CF000E03508 /* TermsOfServiceView.swift */; };
		263996452A367E9700E03508 /* RewardsView.swift in Sources */ = {isa = PBXBuildFile; fileRef = 263996442A367E9700E03508 /* RewardsView.swift */; };
		266808182A5C48080067464B /* LoadingView.swift in Sources */ = {isa = PBXBuildFile; fileRef = 266808172A5C48080067464B /* LoadingView.swift */; };
		26A2F5F22A30C79B003AA1D7 /* PostView.swift in Sources */ = {isa = PBXBuildFile; fileRef = 26A2F5F12A30C79B003AA1D7 /* PostView.swift */; };
		26A2F5F62A3177A9003AA1D7 /* GoogleService-Info.plist in Resources */ = {isa = PBXBuildFile; fileRef = 26A2F5F52A3177A8003AA1D7 /* GoogleService-Info.plist */; };
		26A52F452A4EF380003BE6DD /* ProgressCircleView.swift in Sources */ = {isa = PBXBuildFile; fileRef = 26A52F442A4EF380003BE6DD /* ProgressCircleView.swift */; };
		26A5B3602A2F66AD007C958E /* GoalApp.swift in Sources */ = {isa = PBXBuildFile; fileRef = 26A5B35F2A2F66AD007C958E /* GoalApp.swift */; };
		26A5B3622A2F66AD007C958E /* ContentView.swift in Sources */ = {isa = PBXBuildFile; fileRef = 26A5B3612A2F66AD007C958E /* ContentView.swift */; };
		26A5B3642A2F66AE007C958E /* Assets.xcassets in Resources */ = {isa = PBXBuildFile; fileRef = 26A5B3632A2F66AE007C958E /* Assets.xcassets */; };
		26A5B3672A2F66AE007C958E /* Preview Assets.xcassets in Resources */ = {isa = PBXBuildFile; fileRef = 26A5B3662A2F66AE007C958E /* Preview Assets.xcassets */; };
		26A5B36E2A2F671F007C958E /* CalendarView.swift in Sources */ = {isa = PBXBuildFile; fileRef = 26A5B36D2A2F671F007C958E /* CalendarView.swift */; };
		26AC0A0F2A47F967003CF236 /* LineChart.swift in Sources */ = {isa = PBXBuildFile; fileRef = 26AC0A0E2A47F967003CF236 /* LineChart.swift */; };
		26AC0A122A47FFBD003CF236 /* SwiftUICharts in Frameworks */ = {isa = PBXBuildFile; productRef = 26AC0A112A47FFBD003CF236 /* SwiftUICharts */; };
		26AC0A142A4804E8003CF236 /* TestView.swift in Sources */ = {isa = PBXBuildFile; fileRef = 26AC0A132A4804E7003CF236 /* TestView.swift */; };
		26BF4A502A31A2E6004E3CBC /* GoalViewModel.swift in Sources */ = {isa = PBXBuildFile; fileRef = 26BF4A4F2A31A2E6004E3CBC /* GoalViewModel.swift */; };
		26BF4A522A31F764004E3CBC /* AuthManager.swift in Sources */ = {isa = PBXBuildFile; fileRef = 26BF4A512A31F764004E3CBC /* AuthManager.swift */; };
		43C0BB8073CE9EB4A3CC5E90 /* Pods_Goal.framework in Frameworks */ = {isa = PBXBuildFile; fileRef = 30D914CFAFFBD63EE7DB68E1 /* Pods_Goal.framework */; };
/* End PBXBuildFile section */

/* Begin PBXFileReference section */
		2639963C2A342BD400E03508 /* TopView.swift */ = {isa = PBXFileReference; lastKnownFileType = sourcecode.swift; path = TopView.swift; sourceTree = "<group>"; };
		2639963E2A342C9000E03508 /* SettingView.swift */ = {isa = PBXFileReference; lastKnownFileType = sourcecode.swift; path = SettingView.swift; sourceTree = "<group>"; };
		263996402A342CC500E03508 /* PrivacyView.swift */ = {isa = PBXFileReference; lastKnownFileType = sourcecode.swift; path = PrivacyView.swift; sourceTree = "<group>"; };
		263996422A342CF000E03508 /* TermsOfServiceView.swift */ = {isa = PBXFileReference; lastKnownFileType = sourcecode.swift; path = TermsOfServiceView.swift; sourceTree = "<group>"; };
		263996442A367E9700E03508 /* RewardsView.swift */ = {isa = PBXFileReference; lastKnownFileType = sourcecode.swift; path = RewardsView.swift; sourceTree = "<group>"; };
		266808172A5C48080067464B /* LoadingView.swift */ = {isa = PBXFileReference; lastKnownFileType = sourcecode.swift; path = LoadingView.swift; sourceTree = "<group>"; };
		26A2F5F12A30C79B003AA1D7 /* PostView.swift */ = {isa = PBXFileReference; lastKnownFileType = sourcecode.swift; path = PostView.swift; sourceTree = "<group>"; };
		26A2F5F52A3177A8003AA1D7 /* GoogleService-Info.plist */ = {isa = PBXFileReference; fileEncoding = 4; lastKnownFileType = text.plist.xml; path = "GoogleService-Info.plist"; sourceTree = "<group>"; };
		26A52F442A4EF380003BE6DD /* ProgressCircleView.swift */ = {isa = PBXFileReference; lastKnownFileType = sourcecode.swift; path = ProgressCircleView.swift; sourceTree = "<group>"; };
		26A5B35C2A2F66AD007C958E /* Goal.app */ = {isa = PBXFileReference; explicitFileType = wrapper.application; includeInIndex = 0; path = Goal.app; sourceTree = BUILT_PRODUCTS_DIR; };
		26A5B35F2A2F66AD007C958E /* GoalApp.swift */ = {isa = PBXFileReference; lastKnownFileType = sourcecode.swift; path = GoalApp.swift; sourceTree = "<group>"; };
		26A5B3612A2F66AD007C958E /* ContentView.swift */ = {isa = PBXFileReference; lastKnownFileType = sourcecode.swift; path = ContentView.swift; sourceTree = "<group>"; };
		26A5B3632A2F66AE007C958E /* Assets.xcassets */ = {isa = PBXFileReference; lastKnownFileType = folder.assetcatalog; path = Assets.xcassets; sourceTree = "<group>"; };
		26A5B3662A2F66AE007C958E /* Preview Assets.xcassets */ = {isa = PBXFileReference; lastKnownFileType = folder.assetcatalog; path = "Preview Assets.xcassets"; sourceTree = "<group>"; };
		26A5B36D2A2F671F007C958E /* CalendarView.swift */ = {isa = PBXFileReference; lastKnownFileType = sourcecode.swift; path = CalendarView.swift; sourceTree = "<group>"; };
		26AC0A0E2A47F967003CF236 /* LineChart.swift */ = {isa = PBXFileReference; lastKnownFileType = sourcecode.swift; path = LineChart.swift; sourceTree = "<group>"; };
		26AC0A132A4804E7003CF236 /* TestView.swift */ = {isa = PBXFileReference; lastKnownFileType = sourcecode.swift; path = TestView.swift; sourceTree = "<group>"; };
		26BF4A4F2A31A2E6004E3CBC /* GoalViewModel.swift */ = {isa = PBXFileReference; lastKnownFileType = sourcecode.swift; path = GoalViewModel.swift; sourceTree = "<group>"; };
		26BF4A512A31F764004E3CBC /* AuthManager.swift */ = {isa = PBXFileReference; lastKnownFileType = sourcecode.swift; path = AuthManager.swift; sourceTree = "<group>"; };
		30D914CFAFFBD63EE7DB68E1 /* Pods_Goal.framework */ = {isa = PBXFileReference; explicitFileType = wrapper.framework; includeInIndex = 0; path = Pods_Goal.framework; sourceTree = BUILT_PRODUCTS_DIR; };
		465982B3B6C9BA27886463A7 /* Pods-Goal.debug.xcconfig */ = {isa = PBXFileReference; includeInIndex = 1; lastKnownFileType = text.xcconfig; name = "Pods-Goal.debug.xcconfig"; path = "Target Support Files/Pods-Goal/Pods-Goal.debug.xcconfig"; sourceTree = "<group>"; };
		7F490A6813004A3D0F7D9144 /* Pods-Goal.release.xcconfig */ = {isa = PBXFileReference; includeInIndex = 1; lastKnownFileType = text.xcconfig; name = "Pods-Goal.release.xcconfig"; path = "Target Support Files/Pods-Goal/Pods-Goal.release.xcconfig"; sourceTree = "<group>"; };
/* End PBXFileReference section */

/* Begin PBXFrameworksBuildPhase section */
		26A5B3592A2F66AD007C958E /* Frameworks */ = {
			isa = PBXFrameworksBuildPhase;
			buildActionMask = 2147483647;
			files = (
				43C0BB8073CE9EB4A3CC5E90 /* Pods_Goal.framework in Frameworks */,
				26AC0A122A47FFBD003CF236 /* SwiftUICharts in Frameworks */,
			);
			runOnlyForDeploymentPostprocessing = 0;
		};
/* End PBXFrameworksBuildPhase section */

/* Begin PBXGroup section */
		26A5B3532A2F66AD007C958E = {
			isa = PBXGroup;
			children = (
				26A5B35E2A2F66AD007C958E /* Goal */,
				26A5B35D2A2F66AD007C958E /* Products */,
				73EEA02D53B281C3D65EF06B /* Pods */,
				5A73B5B2EA734C5AFEE71D8B /* Frameworks */,
			);
			sourceTree = "<group>";
		};
		26A5B35D2A2F66AD007C958E /* Products */ = {
			isa = PBXGroup;
			children = (
				26A5B35C2A2F66AD007C958E /* Goal.app */,
			);
			name = Products;
			sourceTree = "<group>";
		};
		26A5B35E2A2F66AD007C958E /* Goal */ = {
			isa = PBXGroup;
			children = (
				26A5B35F2A2F66AD007C958E /* GoalApp.swift */,
				266808172A5C48080067464B /* LoadingView.swift */,
				26A52F442A4EF380003BE6DD /* ProgressCircleView.swift */,
				26BF4A4F2A31A2E6004E3CBC /* GoalViewModel.swift */,
				26A5B3612A2F66AD007C958E /* ContentView.swift */,
				263996442A367E9700E03508 /* RewardsView.swift */,
				26AC0A0E2A47F967003CF236 /* LineChart.swift */,
				26A2F5F12A30C79B003AA1D7 /* PostView.swift */,
				26AC0A132A4804E7003CF236 /* TestView.swift */,
				2639963C2A342BD400E03508 /* TopView.swift */,
				2639963E2A342C9000E03508 /* SettingView.swift */,
				26A5B36D2A2F671F007C958E /* CalendarView.swift */,
				263996402A342CC500E03508 /* PrivacyView.swift */,
				263996422A342CF000E03508 /* TermsOfServiceView.swift */,
				26BF4A512A31F764004E3CBC /* AuthManager.swift */,
				26A2F5F52A3177A8003AA1D7 /* GoogleService-Info.plist */,
				26A5B3632A2F66AE007C958E /* Assets.xcassets */,
				26A5B3652A2F66AE007C958E /* Preview Content */,
			);
			path = Goal;
			sourceTree = "<group>";
		};
		26A5B3652A2F66AE007C958E /* Preview Content */ = {
			isa = PBXGroup;
			children = (
				26A5B3662A2F66AE007C958E /* Preview Assets.xcassets */,
			);
			path = "Preview Content";
			sourceTree = "<group>";
		};
		5A73B5B2EA734C5AFEE71D8B /* Frameworks */ = {
			isa = PBXGroup;
			children = (
				30D914CFAFFBD63EE7DB68E1 /* Pods_Goal.framework */,
			);
			name = Frameworks;
			sourceTree = "<group>";
		};
		73EEA02D53B281C3D65EF06B /* Pods */ = {
			isa = PBXGroup;
			children = (
				465982B3B6C9BA27886463A7 /* Pods-Goal.debug.xcconfig */,
				7F490A6813004A3D0F7D9144 /* Pods-Goal.release.xcconfig */,
			);
			path = Pods;
			sourceTree = "<group>";
		};
/* End PBXGroup section */

/* Begin PBXNativeTarget section */
		26A5B35B2A2F66AD007C958E /* Goal */ = {
			isa = PBXNativeTarget;
			buildConfigurationList = 26A5B36A2A2F66AE007C958E /* Build configuration list for PBXNativeTarget "Goal" */;
			buildPhases = (
				053F5A473D8F73DE2214A0AD /* [CP] Check Pods Manifest.lock */,
				26A5B3582A2F66AD007C958E /* Sources */,
				26A5B3592A2F66AD007C958E /* Frameworks */,
				26A5B35A2A2F66AD007C958E /* Resources */,
				FD477D63A1779A4E307F8946 /* [CP] Embed Pods Frameworks */,
			);
			buildRules = (
			);
			dependencies = (
			);
			name = Goal;
			packageProductDependencies = (
				26AC0A112A47FFBD003CF236 /* SwiftUICharts */,
			);
			productName = Goal;
			productReference = 26A5B35C2A2F66AD007C958E /* Goal.app */;
			productType = "com.apple.product-type.application";
		};
/* End PBXNativeTarget section */

/* Begin PBXProject section */
		26A5B3542A2F66AD007C958E /* Project object */ = {
			isa = PBXProject;
			attributes = {
				BuildIndependentTargetsInParallel = 1;
				LastSwiftUpdateCheck = 1430;
				LastUpgradeCheck = 1430;
				TargetAttributes = {
					26A5B35B2A2F66AD007C958E = {
						CreatedOnToolsVersion = 14.3;
					};
				};
			};
			buildConfigurationList = 26A5B3572A2F66AD007C958E /* Build configuration list for PBXProject "Goal" */;
			compatibilityVersion = "Xcode 14.0";
			developmentRegion = en;
			hasScannedForEncodings = 0;
			knownRegions = (
				en,
				Base,
			);
			mainGroup = 26A5B3532A2F66AD007C958E;
			packageReferences = (
				26AC0A102A47FFBD003CF236 /* XCRemoteSwiftPackageReference "ChartView" */,
			);
			productRefGroup = 26A5B35D2A2F66AD007C958E /* Products */;
			projectDirPath = "";
			projectRoot = "";
			targets = (
				26A5B35B2A2F66AD007C958E /* Goal */,
			);
		};
/* End PBXProject section */

/* Begin PBXResourcesBuildPhase section */
		26A5B35A2A2F66AD007C958E /* Resources */ = {
			isa = PBXResourcesBuildPhase;
			buildActionMask = 2147483647;
			files = (
				26A2F5F62A3177A9003AA1D7 /* GoogleService-Info.plist in Resources */,
				26A5B3672A2F66AE007C958E /* Preview Assets.xcassets in Resources */,
				26A5B3642A2F66AE007C958E /* Assets.xcassets in Resources */,
			);
			runOnlyForDeploymentPostprocessing = 0;
		};
/* End PBXResourcesBuildPhase section */

/* Begin PBXShellScriptBuildPhase section */
		053F5A473D8F73DE2214A0AD /* [CP] Check Pods Manifest.lock */ = {
			isa = PBXShellScriptBuildPhase;
			buildActionMask = 2147483647;
			files = (
			);
			inputFileListPaths = (
			);
			inputPaths = (
				"${PODS_PODFILE_DIR_PATH}/Podfile.lock",
				"${PODS_ROOT}/Manifest.lock",
			);
			name = "[CP] Check Pods Manifest.lock";
			outputFileListPaths = (
			);
			outputPaths = (
				"$(DERIVED_FILE_DIR)/Pods-Goal-checkManifestLockResult.txt",
			);
			runOnlyForDeploymentPostprocessing = 0;
			shellPath = /bin/sh;
			shellScript = "diff \"${PODS_PODFILE_DIR_PATH}/Podfile.lock\" \"${PODS_ROOT}/Manifest.lock\" > /dev/null\nif [ $? != 0 ] ; then\n    # print error to STDERR\n    echo \"error: The sandbox is not in sync with the Podfile.lock. Run 'pod install' or update your CocoaPods installation.\" >&2\n    exit 1\nfi\n# This output is used by Xcode 'outputs' to avoid re-running this script phase.\necho \"SUCCESS\" > \"${SCRIPT_OUTPUT_FILE_0}\"\n";
			showEnvVarsInLog = 0;
		};
		FD477D63A1779A4E307F8946 /* [CP] Embed Pods Frameworks */ = {
			isa = PBXShellScriptBuildPhase;
			buildActionMask = 2147483647;
			files = (
			);
			inputFileListPaths = (
				"${PODS_ROOT}/Target Support Files/Pods-Goal/Pods-Goal-frameworks-${CONFIGURATION}-input-files.xcfilelist",
			);
			name = "[CP] Embed Pods Frameworks";
			outputFileListPaths = (
				"${PODS_ROOT}/Target Support Files/Pods-Goal/Pods-Goal-frameworks-${CONFIGURATION}-output-files.xcfilelist",
			);
			runOnlyForDeploymentPostprocessing = 0;
			shellPath = /bin/sh;
			shellScript = "\"${PODS_ROOT}/Target Support Files/Pods-Goal/Pods-Goal-frameworks.sh\"\n";
			showEnvVarsInLog = 0;
		};
/* End PBXShellScriptBuildPhase section */

/* Begin PBXSourcesBuildPhase section */
		26A5B3582A2F66AD007C958E /* Sources */ = {
			isa = PBXSourcesBuildPhase;
			buildActionMask = 2147483647;
			files = (
				2639963D2A342BD400E03508 /* TopView.swift in Sources */,
				26A5B3622A2F66AD007C958E /* ContentView.swift in Sources */,
				263996412A342CC500E03508 /* PrivacyView.swift in Sources */,
				26A2F5F22A30C79B003AA1D7 /* PostView.swift in Sources */,
				26A5B3602A2F66AD007C958E /* GoalApp.swift in Sources */,
				263996452A367E9700E03508 /* RewardsView.swift in Sources */,
				263996432A342CF000E03508 /* TermsOfServiceView.swift in Sources */,
				26A5B36E2A2F671F007C958E /* CalendarView.swift in Sources */,
				266808182A5C48080067464B /* LoadingView.swift in Sources */,
				2639963F2A342C9000E03508 /* SettingView.swift in Sources */,
				26BF4A502A31A2E6004E3CBC /* GoalViewModel.swift in Sources */,
				26A52F452A4EF380003BE6DD /* ProgressCircleView.swift in Sources */,
				26BF4A522A31F764004E3CBC /* AuthManager.swift in Sources */,
				26AC0A142A4804E8003CF236 /* TestView.swift in Sources */,
				26AC0A0F2A47F967003CF236 /* LineChart.swift in Sources */,
			);
			runOnlyForDeploymentPostprocessing = 0;
		};
/* End PBXSourcesBuildPhase section */

/* Begin XCBuildConfiguration section */
		26A5B3682A2F66AE007C958E /* Debug */ = {
			isa = XCBuildConfiguration;
			buildSettings = {
				ALWAYS_SEARCH_USER_PATHS = NO;
				CLANG_ANALYZER_NONNULL = YES;
				CLANG_ANALYZER_NUMBER_OBJECT_CONVERSION = YES_AGGRESSIVE;
				CLANG_CXX_LANGUAGE_STANDARD = "gnu++20";
				CLANG_ENABLE_MODULES = YES;
				CLANG_ENABLE_OBJC_ARC = YES;
				CLANG_ENABLE_OBJC_WEAK = YES;
				CLANG_WARN_BLOCK_CAPTURE_AUTORELEASING = YES;
				CLANG_WARN_BOOL_CONVERSION = YES;
				CLANG_WARN_COMMA = YES;
				CLANG_WARN_CONSTANT_CONVERSION = YES;
				CLANG_WARN_DEPRECATED_OBJC_IMPLEMENTATIONS = YES;
				CLANG_WARN_DIRECT_OBJC_ISA_USAGE = YES_ERROR;
				CLANG_WARN_DOCUMENTATION_COMMENTS = YES;
				CLANG_WARN_EMPTY_BODY = YES;
				CLANG_WARN_ENUM_CONVERSION = YES;
				CLANG_WARN_INFINITE_RECURSION = YES;
				CLANG_WARN_INT_CONVERSION = YES;
				CLANG_WARN_NON_LITERAL_NULL_CONVERSION = YES;
				CLANG_WARN_OBJC_IMPLICIT_RETAIN_SELF = YES;
				CLANG_WARN_OBJC_LITERAL_CONVERSION = YES;
				CLANG_WARN_OBJC_ROOT_CLASS = YES_ERROR;
				CLANG_WARN_QUOTED_INCLUDE_IN_FRAMEWORK_HEADER = YES;
				CLANG_WARN_RANGE_LOOP_ANALYSIS = YES;
				CLANG_WARN_STRICT_PROTOTYPES = YES;
				CLANG_WARN_SUSPICIOUS_MOVE = YES;
				CLANG_WARN_UNGUARDED_AVAILABILITY = YES_AGGRESSIVE;
				CLANG_WARN_UNREACHABLE_CODE = YES;
				CLANG_WARN__DUPLICATE_METHOD_MATCH = YES;
				COPY_PHASE_STRIP = NO;
				DEBUG_INFORMATION_FORMAT = dwarf;
				ENABLE_STRICT_OBJC_MSGSEND = YES;
				ENABLE_TESTABILITY = YES;
				GCC_C_LANGUAGE_STANDARD = gnu11;
				GCC_DYNAMIC_NO_PIC = NO;
				GCC_NO_COMMON_BLOCKS = YES;
				GCC_OPTIMIZATION_LEVEL = 0;
				GCC_PREPROCESSOR_DEFINITIONS = (
					"DEBUG=1",
					"$(inherited)",
				);
				GCC_WARN_64_TO_32_BIT_CONVERSION = YES;
				GCC_WARN_ABOUT_RETURN_TYPE = YES_ERROR;
				GCC_WARN_UNDECLARED_SELECTOR = YES;
				GCC_WARN_UNINITIALIZED_AUTOS = YES_AGGRESSIVE;
				GCC_WARN_UNUSED_FUNCTION = YES;
				GCC_WARN_UNUSED_VARIABLE = YES;
				IPHONEOS_DEPLOYMENT_TARGET = 16.4;
				MTL_ENABLE_DEBUG_INFO = INCLUDE_SOURCE;
				MTL_FAST_MATH = YES;
				ONLY_ACTIVE_ARCH = YES;
				SDKROOT = iphoneos;
				SWIFT_ACTIVE_COMPILATION_CONDITIONS = DEBUG;
				SWIFT_OPTIMIZATION_LEVEL = "-Onone";
			};
			name = Debug;
		};
		26A5B3692A2F66AE007C958E /* Release */ = {
			isa = XCBuildConfiguration;
			buildSettings = {
				ALWAYS_SEARCH_USER_PATHS = NO;
				CLANG_ANALYZER_NONNULL = YES;
				CLANG_ANALYZER_NUMBER_OBJECT_CONVERSION = YES_AGGRESSIVE;
				CLANG_CXX_LANGUAGE_STANDARD = "gnu++20";
				CLANG_ENABLE_MODULES = YES;
				CLANG_ENABLE_OBJC_ARC = YES;
				CLANG_ENABLE_OBJC_WEAK = YES;
				CLANG_WARN_BLOCK_CAPTURE_AUTORELEASING = YES;
				CLANG_WARN_BOOL_CONVERSION = YES;
				CLANG_WARN_COMMA = YES;
				CLANG_WARN_CONSTANT_CONVERSION = YES;
				CLANG_WARN_DEPRECATED_OBJC_IMPLEMENTATIONS = YES;
				CLANG_WARN_DIRECT_OBJC_ISA_USAGE = YES_ERROR;
				CLANG_WARN_DOCUMENTATION_COMMENTS = YES;
				CLANG_WARN_EMPTY_BODY = YES;
				CLANG_WARN_ENUM_CONVERSION = YES;
				CLANG_WARN_INFINITE_RECURSION = YES;
				CLANG_WARN_INT_CONVERSION = YES;
				CLANG_WARN_NON_LITERAL_NULL_CONVERSION = YES;
				CLANG_WARN_OBJC_IMPLICIT_RETAIN_SELF = YES;
				CLANG_WARN_OBJC_LITERAL_CONVERSION = YES;
				CLANG_WARN_OBJC_ROOT_CLASS = YES_ERROR;
				CLANG_WARN_QUOTED_INCLUDE_IN_FRAMEWORK_HEADER = YES;
				CLANG_WARN_RANGE_LOOP_ANALYSIS = YES;
				CLANG_WARN_STRICT_PROTOTYPES = YES;
				CLANG_WARN_SUSPICIOUS_MOVE = YES;
				CLANG_WARN_UNGUARDED_AVAILABILITY = YES_AGGRESSIVE;
				CLANG_WARN_UNREACHABLE_CODE = YES;
				CLANG_WARN__DUPLICATE_METHOD_MATCH = YES;
				COPY_PHASE_STRIP = NO;
				DEBUG_INFORMATION_FORMAT = "dwarf-with-dsym";
				ENABLE_NS_ASSERTIONS = NO;
				ENABLE_STRICT_OBJC_MSGSEND = YES;
				GCC_C_LANGUAGE_STANDARD = gnu11;
				GCC_NO_COMMON_BLOCKS = YES;
				GCC_WARN_64_TO_32_BIT_CONVERSION = YES;
				GCC_WARN_ABOUT_RETURN_TYPE = YES_ERROR;
				GCC_WARN_UNDECLARED_SELECTOR = YES;
				GCC_WARN_UNINITIALIZED_AUTOS = YES_AGGRESSIVE;
				GCC_WARN_UNUSED_FUNCTION = YES;
				GCC_WARN_UNUSED_VARIABLE = YES;
				IPHONEOS_DEPLOYMENT_TARGET = 16.4;
				MTL_ENABLE_DEBUG_INFO = NO;
				MTL_FAST_MATH = YES;
				SDKROOT = iphoneos;
				SWIFT_COMPILATION_MODE = wholemodule;
				SWIFT_OPTIMIZATION_LEVEL = "-O";
				VALIDATE_PRODUCT = YES;
			};
			name = Release;
		};
		26A5B36B2A2F66AE007C958E /* Debug */ = {
			isa = XCBuildConfiguration;
			baseConfigurationReference = 465982B3B6C9BA27886463A7 /* Pods-Goal.debug.xcconfig */;
			buildSettings = {
				ASSETCATALOG_COMPILER_APPICON_NAME = AppIcon;
				ASSETCATALOG_COMPILER_GLOBAL_ACCENT_COLOR_NAME = AccentColor;
				CODE_SIGN_STYLE = Automatic;
				CURRENT_PROJECT_VERSION = 1;
				DEVELOPMENT_ASSET_PATHS = "\"Goal/Preview Content\"";
				DEVELOPMENT_TEAM = F3XS565TSX;
				ENABLE_PREVIEWS = YES;
				GENERATE_INFOPLIST_FILE = YES;
				INFOPLIST_KEY_UIApplicationSceneManifest_Generation = YES;
				INFOPLIST_KEY_UILaunchScreen_Generation = YES;
				INFOPLIST_KEY_UISupportedInterfaceOrientations_iPad = "UIInterfaceOrientationPortrait UIInterfaceOrientationPortraitUpsideDown UIInterfaceOrientationLandscapeLeft UIInterfaceOrientationLandscapeRight";
				INFOPLIST_KEY_UISupportedInterfaceOrientations_iPhone = "UIInterfaceOrientationPortrait UIInterfaceOrientationLandscapeLeft UIInterfaceOrientationLandscapeRight";
				IPHONEOS_DEPLOYMENT_TARGET = 16.4;
				LD_RUNPATH_SEARCH_PATHS = (
					"$(inherited)",
					"@executable_path/Frameworks",
				);
				MARKETING_VERSION = 1.0;
				PRODUCT_BUNDLE_IDENTIFIER = "Swift-Beginners-app.Goal";
				PRODUCT_NAME = "$(TARGET_NAME)";
				SWIFT_EMIT_LOC_STRINGS = YES;
				SWIFT_VERSION = 5.0;
				TARGETED_DEVICE_FAMILY = "1,2";
			};
			name = Debug;
		};
		26A5B36C2A2F66AE007C958E /* Release */ = {
			isa = XCBuildConfiguration;
			baseConfigurationReference = 7F490A6813004A3D0F7D9144 /* Pods-Goal.release.xcconfig */;
			buildSettings = {
				ASSETCATALOG_COMPILER_APPICON_NAME = AppIcon;
				ASSETCATALOG_COMPILER_GLOBAL_ACCENT_COLOR_NAME = AccentColor;
				CODE_SIGN_STYLE = Automatic;
				CURRENT_PROJECT_VERSION = 1;
				DEVELOPMENT_ASSET_PATHS = "\"Goal/Preview Content\"";
				DEVELOPMENT_TEAM = F3XS565TSX;
				ENABLE_PREVIEWS = YES;
				GENERATE_INFOPLIST_FILE = YES;
				INFOPLIST_KEY_UIApplicationSceneManifest_Generation = YES;
				INFOPLIST_KEY_UILaunchScreen_Generation = YES;
				INFOPLIST_KEY_UISupportedInterfaceOrientations_iPad = "UIInterfaceOrientationPortrait UIInterfaceOrientationPortraitUpsideDown UIInterfaceOrientationLandscapeLeft UIInterfaceOrientationLandscapeRight";
				INFOPLIST_KEY_UISupportedInterfaceOrientations_iPhone = "UIInterfaceOrientationPortrait UIInterfaceOrientationLandscapeLeft UIInterfaceOrientationLandscapeRight";
				IPHONEOS_DEPLOYMENT_TARGET = 16.4;
				LD_RUNPATH_SEARCH_PATHS = (
					"$(inherited)",
					"@executable_path/Frameworks",
				);
				MARKETING_VERSION = 1.0;
				PRODUCT_BUNDLE_IDENTIFIER = "Swift-Beginners-app.Goal";
				PRODUCT_NAME = "$(TARGET_NAME)";
				SWIFT_EMIT_LOC_STRINGS = YES;
				SWIFT_VERSION = 5.0;
				TARGETED_DEVICE_FAMILY = "1,2";
			};
			name = Release;
		};
/* End XCBuildConfiguration section */

/* Begin XCConfigurationList section */
		26A5B3572A2F66AD007C958E /* Build configuration list for PBXProject "Goal" */ = {
			isa = XCConfigurationList;
			buildConfigurations = (
				26A5B3682A2F66AE007C958E /* Debug */,
				26A5B3692A2F66AE007C958E /* Release */,
			);
			defaultConfigurationIsVisible = 0;
			defaultConfigurationName = Release;
		};
		26A5B36A2A2F66AE007C958E /* Build configuration list for PBXNativeTarget "Goal" */ = {
			isa = XCConfigurationList;
			buildConfigurations = (
				26A5B36B2A2F66AE007C958E /* Debug */,
				26A5B36C2A2F66AE007C958E /* Release */,
			);
			defaultConfigurationIsVisible = 0;
			defaultConfigurationName = Release;
		};
/* End XCConfigurationList section */

/* Begin XCRemoteSwiftPackageReference section */
		26AC0A102A47FFBD003CF236 /* XCRemoteSwiftPackageReference "ChartView" */ = {
			isa = XCRemoteSwiftPackageReference;
			repositoryURL = "https://github.com/AppPear/ChartView";
			requirement = {
				kind = upToNextMajorVersion;
				minimumVersion = 1.0.0;
			};
		};
/* End XCRemoteSwiftPackageReference section */

/* Begin XCSwiftPackageProductDependency section */
		26AC0A112A47FFBD003CF236 /* SwiftUICharts */ = {
			isa = XCSwiftPackageProductDependency;
			package = 26AC0A102A47FFBD003CF236 /* XCRemoteSwiftPackageReference "ChartView" */;
			productName = SwiftUICharts;
		};
/* End XCSwiftPackageProductDependency section */
	};
	rootObject = 26A5B3542A2F66AD007C958E /* Project object */;
}
